# This file is generated by running "yarn install" inside your project.
# Manual changes might be lost - proceed with caution!

__metadata:
  version: 8
  cacheKey: 10c0

"@floating-ui/core@npm:^1.7.3":
  version: 1.7.3
  resolution: "@floating-ui/core@npm:1.7.3"
  dependencies:
    "@floating-ui/utils": "npm:^0.2.10"
  checksum: 10c0/edfc23800122d81df0df0fb780b7328ae6c5f00efbb55bd48ea340f4af8c5b3b121ceb4bb81220966ab0f87b443204d37105abdd93d94846468be3243984144c
  languageName: node
  linkType: hard

"@floating-ui/dom@npm:^1.7.4":
  version: 1.7.4
  resolution: "@floating-ui/dom@npm:1.7.4"
  dependencies:
    "@floating-ui/core": "npm:^1.7.3"
    "@floating-ui/utils": "npm:^0.2.10"
  checksum: 10c0/da6166c25f9b0729caa9f498685a73a0e28251613b35d27db8de8014bc9d045158a23c092b405321a3d67c2064909b6e2a7e6c1c9cc0f62967dca5779f5aef30
  languageName: node
  linkType: hard

"@floating-ui/react-dom@npm:^2.0.0":
  version: 2.1.6
  resolution: "@floating-ui/react-dom@npm:2.1.6"
  dependencies:
    "@floating-ui/dom": "npm:^1.7.4"
  peerDependencies:
    react: ">=16.8.0"
    react-dom: ">=16.8.0"
  checksum: 10c0/6654834a8e73ecbdbc6cad2ad8f7abc698ac7c1800ded4d61113525c591c03d2e3b59d3cf9205859221465ea38c87af4f9e6e204703c5b7a7e85332d1eef2e18
  languageName: node
  linkType: hard

"@floating-ui/utils@npm:^0.2.10":
  version: 0.2.10
  resolution: "@floating-ui/utils@npm:0.2.10"
  checksum: 10c0/e9bc2a1730ede1ee25843937e911ab6e846a733a4488623cd353f94721b05ec2c9ec6437613a2ac9379a94c2fd40c797a2ba6fa1df2716f5ce4aa6ddb1cf9ea4
  languageName: node
  linkType: hard

"@radix-ui/number@npm:1.1.1":
  version: 1.1.1
  resolution: "@radix-ui/number@npm:1.1.1"
  checksum: 10c0/0570ad92287398e8a7910786d7cee0a998174cdd6637ba61571992897c13204adf70b9ed02d0da2af554119411128e701d9c6b893420612897b438dc91db712b
  languageName: node
  linkType: hard

"@radix-ui/primitive@npm:1.1.3":
  version: 1.1.3
  resolution: "@radix-ui/primitive@npm:1.1.3"
  checksum: 10c0/88860165ee7066fa2c179f32ffcd3ee6d527d9dcdc0e8be85e9cb0e2c84834be8e3c1a976c74ba44b193f709544e12f54455d892b28e32f0708d89deda6b9f1d
  languageName: node
  linkType: hard

"@radix-ui/react-alert-dialog@npm:^1.1.15":
  version: 1.1.15
  resolution: "@radix-ui/react-alert-dialog@npm:1.1.15"
  dependencies:
    "@radix-ui/primitive": "npm:1.1.3"
    "@radix-ui/react-compose-refs": "npm:1.1.2"
    "@radix-ui/react-context": "npm:1.1.2"
    "@radix-ui/react-dialog": "npm:1.1.15"
    "@radix-ui/react-primitive": "npm:2.1.3"
    "@radix-ui/react-slot": "npm:1.2.3"
  peerDependencies:
    "@types/react": "*"
    "@types/react-dom": "*"
    react: ^16.8 || ^17.0 || ^18.0 || ^19.0 || ^19.0.0-rc
    react-dom: ^16.8 || ^17.0 || ^18.0 || ^19.0 || ^19.0.0-rc
  peerDependenciesMeta:
    "@types/react":
      optional: true
    "@types/react-dom":
      optional: true
  checksum: 10c0/038de84ad1b36c162e5f5a3b4034de95558698eb6e3f483d2b1a15f4a502c921c4e6a5a723fe6f29e928ed7001ffe38ac6fd16bb720b1e629892ce7beb1da174
  languageName: node
  linkType: hard

"@radix-ui/react-arrow@npm:1.1.7":
  version: 1.1.7
  resolution: "@radix-ui/react-arrow@npm:1.1.7"
  dependencies:
    "@radix-ui/react-primitive": "npm:2.1.3"
  peerDependencies:
    "@types/react": "*"
    "@types/react-dom": "*"
    react: ^16.8 || ^17.0 || ^18.0 || ^19.0 || ^19.0.0-rc
    react-dom: ^16.8 || ^17.0 || ^18.0 || ^19.0 || ^19.0.0-rc
  peerDependenciesMeta:
    "@types/react":
      optional: true
    "@types/react-dom":
      optional: true
  checksum: 10c0/c3b46766238b3ee2a394d8806a5141432361bf1425110c9f0dcf480bda4ebd304453a53f294b5399c6ee3ccfcae6fd544921fd01ddc379cf5942acdd7168664b
  languageName: node
  linkType: hard

"@radix-ui/react-checkbox@npm:^1.3.3":
  version: 1.3.3
  resolution: "@radix-ui/react-checkbox@npm:1.3.3"
  dependencies:
    "@radix-ui/primitive": "npm:1.1.3"
    "@radix-ui/react-compose-refs": "npm:1.1.2"
    "@radix-ui/react-context": "npm:1.1.2"
    "@radix-ui/react-presence": "npm:1.1.5"
    "@radix-ui/react-primitive": "npm:2.1.3"
    "@radix-ui/react-use-controllable-state": "npm:1.2.2"
    "@radix-ui/react-use-previous": "npm:1.1.1"
    "@radix-ui/react-use-size": "npm:1.1.1"
  peerDependencies:
    "@types/react": "*"
    "@types/react-dom": "*"
    react: ^16.8 || ^17.0 || ^18.0 || ^19.0 || ^19.0.0-rc
    react-dom: ^16.8 || ^17.0 || ^18.0 || ^19.0 || ^19.0.0-rc
  peerDependenciesMeta:
    "@types/react":
      optional: true
    "@types/react-dom":
      optional: true
  checksum: 10c0/5eeb78e37a6c9611a638a80b309c931dd6f1f8968357ab2abb453505392fa1397491441447ca2d5f4381faaac7fab2dc84c780e8ce27d931bd203fa014088b74
  languageName: node
  linkType: hard

"@radix-ui/react-collection@npm:1.1.7":
  version: 1.1.7
  resolution: "@radix-ui/react-collection@npm:1.1.7"
  dependencies:
    "@radix-ui/react-compose-refs": "npm:1.1.2"
    "@radix-ui/react-context": "npm:1.1.2"
    "@radix-ui/react-primitive": "npm:2.1.3"
    "@radix-ui/react-slot": "npm:1.2.3"
  peerDependencies:
    "@types/react": "*"
    "@types/react-dom": "*"
    react: ^16.8 || ^17.0 || ^18.0 || ^19.0 || ^19.0.0-rc
    react-dom: ^16.8 || ^17.0 || ^18.0 || ^19.0 || ^19.0.0-rc
  peerDependenciesMeta:
    "@types/react":
      optional: true
    "@types/react-dom":
      optional: true
  checksum: 10c0/fa321a7300095508491f75414f02b243f0c3f179dc0728cfd115e2ea9f6f48f1516532b59f526d9ac81bbab63cd98a052074b4703ec0b9428fac945ebabec5fd
  languageName: node
  linkType: hard

"@radix-ui/react-compose-refs@npm:1.1.2":
  version: 1.1.2
  resolution: "@radix-ui/react-compose-refs@npm:1.1.2"
  peerDependencies:
    "@types/react": "*"
    react: ^16.8 || ^17.0 || ^18.0 || ^19.0 || ^19.0.0-rc
  peerDependenciesMeta:
    "@types/react":
      optional: true
  checksum: 10c0/d36a9c589eb75d634b9b139c80f916aadaf8a68a7c1c4b8c6c6b88755af1a92f2e343457042089f04cc3f23073619d08bb65419ced1402e9d4e299576d970771
  languageName: node
  linkType: hard

"@radix-ui/react-context@npm:1.1.2":
  version: 1.1.2
  resolution: "@radix-ui/react-context@npm:1.1.2"
  peerDependencies:
    "@types/react": "*"
    react: ^16.8 || ^17.0 || ^18.0 || ^19.0 || ^19.0.0-rc
  peerDependenciesMeta:
    "@types/react":
      optional: true
  checksum: 10c0/cece731f8cc25d494c6589cc681e5c01a93867d895c75889973afa1a255f163c286e390baa7bc028858eaabe9f6b57270d0ca6377356f652c5557c1c7a41ccce
  languageName: node
  linkType: hard

"@radix-ui/react-dialog@npm:1.1.15, @radix-ui/react-dialog@npm:^1.1.15":
  version: 1.1.15
  resolution: "@radix-ui/react-dialog@npm:1.1.15"
  dependencies:
    "@radix-ui/primitive": "npm:1.1.3"
    "@radix-ui/react-compose-refs": "npm:1.1.2"
    "@radix-ui/react-context": "npm:1.1.2"
    "@radix-ui/react-dismissable-layer": "npm:1.1.11"
    "@radix-ui/react-focus-guards": "npm:1.1.3"
    "@radix-ui/react-focus-scope": "npm:1.1.7"
    "@radix-ui/react-id": "npm:1.1.1"
    "@radix-ui/react-portal": "npm:1.1.9"
    "@radix-ui/react-presence": "npm:1.1.5"
    "@radix-ui/react-primitive": "npm:2.1.3"
    "@radix-ui/react-slot": "npm:1.2.3"
    "@radix-ui/react-use-controllable-state": "npm:1.2.2"
    aria-hidden: "npm:^1.2.4"
    react-remove-scroll: "npm:^2.6.3"
  peerDependencies:
    "@types/react": "*"
    "@types/react-dom": "*"
    react: ^16.8 || ^17.0 || ^18.0 || ^19.0 || ^19.0.0-rc
    react-dom: ^16.8 || ^17.0 || ^18.0 || ^19.0 || ^19.0.0-rc
  peerDependenciesMeta:
    "@types/react":
      optional: true
    "@types/react-dom":
      optional: true
  checksum: 10c0/2f2c88e3c281acaea2fd9b96fa82132d59177d3aa5da2e7c045596fd4028e84e44ac52ac28f4f236910605dd7d9338c2858ba44a9ced2af2e3e523abbfd33014
  languageName: node
  linkType: hard

"@radix-ui/react-direction@npm:1.1.1":
  version: 1.1.1
  resolution: "@radix-ui/react-direction@npm:1.1.1"
  peerDependencies:
    "@types/react": "*"
    react: ^16.8 || ^17.0 || ^18.0 || ^19.0 || ^19.0.0-rc
  peerDependenciesMeta:
    "@types/react":
      optional: true
  checksum: 10c0/7a89d9291f846a3105e45f4df98d6b7a08f8d7b30acdcd253005dc9db107ee83cbbebc9e47a9af1e400bcd47697f1511ceab23a399b0da854488fc7220482ac9
  languageName: node
  linkType: hard

"@radix-ui/react-dismissable-layer@npm:1.1.11":
  version: 1.1.11
  resolution: "@radix-ui/react-dismissable-layer@npm:1.1.11"
  dependencies:
    "@radix-ui/primitive": "npm:1.1.3"
    "@radix-ui/react-compose-refs": "npm:1.1.2"
    "@radix-ui/react-primitive": "npm:2.1.3"
    "@radix-ui/react-use-callback-ref": "npm:1.1.1"
    "@radix-ui/react-use-escape-keydown": "npm:1.1.1"
  peerDependencies:
    "@types/react": "*"
    "@types/react-dom": "*"
    react: ^16.8 || ^17.0 || ^18.0 || ^19.0 || ^19.0.0-rc
    react-dom: ^16.8 || ^17.0 || ^18.0 || ^19.0 || ^19.0.0-rc
  peerDependenciesMeta:
    "@types/react":
      optional: true
    "@types/react-dom":
      optional: true
  checksum: 10c0/c825572a64073c4d3853702029979f6658770ffd6a98eabc4984e1dee1b226b4078a2a4dc7003f96475b438985e9b21a58e75f51db74dd06848dcae1f2d395dc
  languageName: node
  linkType: hard

"@radix-ui/react-focus-guards@npm:1.1.3":
  version: 1.1.3
  resolution: "@radix-ui/react-focus-guards@npm:1.1.3"
  peerDependencies:
    "@types/react": "*"
    react: ^16.8 || ^17.0 || ^18.0 || ^19.0 || ^19.0.0-rc
  peerDependenciesMeta:
    "@types/react":
      optional: true
  checksum: 10c0/0bab65eb8d7e4f72f685d63de7fbba2450e3cb15ad6a20a16b42195e9d335c576356f5a47cb58d1ffc115393e46d7b14b12c5d4b10029b0ec090861255866985
  languageName: node
  linkType: hard

"@radix-ui/react-focus-scope@npm:1.1.7":
  version: 1.1.7
  resolution: "@radix-ui/react-focus-scope@npm:1.1.7"
  dependencies:
    "@radix-ui/react-compose-refs": "npm:1.1.2"
    "@radix-ui/react-primitive": "npm:2.1.3"
    "@radix-ui/react-use-callback-ref": "npm:1.1.1"
  peerDependencies:
    "@types/react": "*"
    "@types/react-dom": "*"
    react: ^16.8 || ^17.0 || ^18.0 || ^19.0 || ^19.0.0-rc
    react-dom: ^16.8 || ^17.0 || ^18.0 || ^19.0 || ^19.0.0-rc
  peerDependenciesMeta:
    "@types/react":
      optional: true
    "@types/react-dom":
      optional: true
  checksum: 10c0/8a6071331bdeeb79b223463de75caf759b8ad19339cab838e537b8dbb2db236891a1f4df252445c854d375d43d9d315dfcce0a6b01553a2984ec372bb8f1300e
  languageName: node
  linkType: hard

"@radix-ui/react-id@npm:1.1.1":
  version: 1.1.1
  resolution: "@radix-ui/react-id@npm:1.1.1"
  dependencies:
    "@radix-ui/react-use-layout-effect": "npm:1.1.1"
  peerDependencies:
    "@types/react": "*"
    react: ^16.8 || ^17.0 || ^18.0 || ^19.0 || ^19.0.0-rc
  peerDependenciesMeta:
    "@types/react":
      optional: true
  checksum: 10c0/7d12e76818763d592c331277ef62b197e2e64945307e650bd058f0090e5ae48bbd07691b23b7e9e977901ef4eadcb3e2d5eaeb17a13859083384be83fc1292c7
  languageName: node
  linkType: hard

"@radix-ui/react-popper@npm:1.2.8":
  version: 1.2.8
  resolution: "@radix-ui/react-popper@npm:1.2.8"
  dependencies:
    "@floating-ui/react-dom": "npm:^2.0.0"
    "@radix-ui/react-arrow": "npm:1.1.7"
    "@radix-ui/react-compose-refs": "npm:1.1.2"
    "@radix-ui/react-context": "npm:1.1.2"
    "@radix-ui/react-primitive": "npm:2.1.3"
    "@radix-ui/react-use-callback-ref": "npm:1.1.1"
    "@radix-ui/react-use-layout-effect": "npm:1.1.1"
    "@radix-ui/react-use-rect": "npm:1.1.1"
    "@radix-ui/react-use-size": "npm:1.1.1"
    "@radix-ui/rect": "npm:1.1.1"
  peerDependencies:
    "@types/react": "*"
    "@types/react-dom": "*"
    react: ^16.8 || ^17.0 || ^18.0 || ^19.0 || ^19.0.0-rc
    react-dom: ^16.8 || ^17.0 || ^18.0 || ^19.0 || ^19.0.0-rc
  peerDependenciesMeta:
    "@types/react":
      optional: true
    "@types/react-dom":
      optional: true
  checksum: 10c0/48e3f13eac3b8c13aca8ded37d74db17e1bb294da8d69f142ab6b8719a06c3f90051668bed64520bf9f3abdd77b382ce7ce209d056bb56137cecc949b69b421c
  languageName: node
  linkType: hard

"@radix-ui/react-portal@npm:1.1.9":
  version: 1.1.9
  resolution: "@radix-ui/react-portal@npm:1.1.9"
  dependencies:
    "@radix-ui/react-primitive": "npm:2.1.3"
    "@radix-ui/react-use-layout-effect": "npm:1.1.1"
  peerDependencies:
    "@types/react": "*"
    "@types/react-dom": "*"
    react: ^16.8 || ^17.0 || ^18.0 || ^19.0 || ^19.0.0-rc
    react-dom: ^16.8 || ^17.0 || ^18.0 || ^19.0 || ^19.0.0-rc
  peerDependenciesMeta:
    "@types/react":
      optional: true
    "@types/react-dom":
      optional: true
  checksum: 10c0/45b432497c722720c72c493a29ef6085bc84b50eafe79d48b45c553121b63e94f9cdb77a3a74b9c49126f8feb3feee009fe400d48b7759d3552396356b192cd7
  languageName: node
  linkType: hard

"@radix-ui/react-presence@npm:1.1.5":
  version: 1.1.5
  resolution: "@radix-ui/react-presence@npm:1.1.5"
  dependencies:
    "@radix-ui/react-compose-refs": "npm:1.1.2"
    "@radix-ui/react-use-layout-effect": "npm:1.1.1"
  peerDependencies:
    "@types/react": "*"
    "@types/react-dom": "*"
    react: ^16.8 || ^17.0 || ^18.0 || ^19.0 || ^19.0.0-rc
    react-dom: ^16.8 || ^17.0 || ^18.0 || ^19.0 || ^19.0.0-rc
  peerDependenciesMeta:
    "@types/react":
      optional: true
    "@types/react-dom":
      optional: true
  checksum: 10c0/d0e61d314250eeaef5369983cb790701d667f51734bafd98cf759072755562018052c594e6cdc5389789f4543cb0a4d98f03ff4e8f37338d6b5bf51a1700c1d1
  languageName: node
  linkType: hard

"@radix-ui/react-primitive@npm:2.1.3":
  version: 2.1.3
  resolution: "@radix-ui/react-primitive@npm:2.1.3"
  dependencies:
    "@radix-ui/react-slot": "npm:1.2.3"
  peerDependencies:
    "@types/react": "*"
    "@types/react-dom": "*"
    react: ^16.8 || ^17.0 || ^18.0 || ^19.0 || ^19.0.0-rc
    react-dom: ^16.8 || ^17.0 || ^18.0 || ^19.0 || ^19.0.0-rc
  peerDependenciesMeta:
    "@types/react":
      optional: true
    "@types/react-dom":
      optional: true
  checksum: 10c0/fdff9b84913bb4172ef6d3af7442fca5f9bba5f2709cba08950071f819d7057aec3a4a2d9ef44cf9cbfb8014d02573c6884a04cff175895823aaef809ebdb034
  languageName: node
  linkType: hard

"@radix-ui/react-select@npm:^2.2.6":
  version: 2.2.6
  resolution: "@radix-ui/react-select@npm:2.2.6"
  dependencies:
    "@radix-ui/number": "npm:1.1.1"
    "@radix-ui/primitive": "npm:1.1.3"
    "@radix-ui/react-collection": "npm:1.1.7"
    "@radix-ui/react-compose-refs": "npm:1.1.2"
    "@radix-ui/react-context": "npm:1.1.2"
    "@radix-ui/react-direction": "npm:1.1.1"
    "@radix-ui/react-dismissable-layer": "npm:1.1.11"
    "@radix-ui/react-focus-guards": "npm:1.1.3"
    "@radix-ui/react-focus-scope": "npm:1.1.7"
    "@radix-ui/react-id": "npm:1.1.1"
    "@radix-ui/react-popper": "npm:1.2.8"
    "@radix-ui/react-portal": "npm:1.1.9"
    "@radix-ui/react-primitive": "npm:2.1.3"
    "@radix-ui/react-slot": "npm:1.2.3"
    "@radix-ui/react-use-callback-ref": "npm:1.1.1"
    "@radix-ui/react-use-controllable-state": "npm:1.2.2"
    "@radix-ui/react-use-layout-effect": "npm:1.1.1"
    "@radix-ui/react-use-previous": "npm:1.1.1"
    "@radix-ui/react-visually-hidden": "npm:1.2.3"
    aria-hidden: "npm:^1.2.4"
    react-remove-scroll: "npm:^2.6.3"
  peerDependencies:
    "@types/react": "*"
    "@types/react-dom": "*"
    react: ^16.8 || ^17.0 || ^18.0 || ^19.0 || ^19.0.0-rc
    react-dom: ^16.8 || ^17.0 || ^18.0 || ^19.0 || ^19.0.0-rc
  peerDependenciesMeta:
    "@types/react":
      optional: true
    "@types/react-dom":
      optional: true
  checksum: 10c0/34b2492589c3a4b118a03900d622640033630f30ac93c4a69b3701513117607f4ac3a0d9dd3cad39caa8b6495660f71f3aa9d0074d4eb4dac6804dc0b8408deb
  languageName: node
  linkType: hard

"@radix-ui/react-slot@npm:1.2.3":
  version: 1.2.3
  resolution: "@radix-ui/react-slot@npm:1.2.3"
  dependencies:
    "@radix-ui/react-compose-refs": "npm:1.1.2"
  peerDependencies:
    "@types/react": "*"
    react: ^16.8 || ^17.0 || ^18.0 || ^19.0 || ^19.0.0-rc
  peerDependenciesMeta:
    "@types/react":
      optional: true
  checksum: 10c0/5913aa0d760f505905779515e4b1f0f71a422350f077cc8d26d1aafe53c97f177fec0e6d7fbbb50d8b5e498aa9df9f707ca75ae3801540c283b26b0136138eef
  languageName: node
  linkType: hard

"@radix-ui/react-slot@npm:^1.2.4":
  version: 1.2.4
  resolution: "@radix-ui/react-slot@npm:1.2.4"
  dependencies:
    "@radix-ui/react-compose-refs": "npm:1.1.2"
  peerDependencies:
    "@types/react": "*"
    react: ^16.8 || ^17.0 || ^18.0 || ^19.0 || ^19.0.0-rc
  peerDependenciesMeta:
    "@types/react":
      optional: true
  checksum: 10c0/8b719bb934f1ae5ac0e37214783085c17c2f1080217caf514c1c6cc3d9ca56c7e19d25470b26da79aa6e605ab36589edaade149b76f5fc0666f1063e2fc0a0dc
  languageName: node
  linkType: hard

"@radix-ui/react-toast@npm:^1.2.15":
  version: 1.2.15
  resolution: "@radix-ui/react-toast@npm:1.2.15"
  dependencies:
    "@radix-ui/primitive": "npm:1.1.3"
    "@radix-ui/react-collection": "npm:1.1.7"
    "@radix-ui/react-compose-refs": "npm:1.1.2"
    "@radix-ui/react-context": "npm:1.1.2"
    "@radix-ui/react-dismissable-layer": "npm:1.1.11"
    "@radix-ui/react-portal": "npm:1.1.9"
    "@radix-ui/react-presence": "npm:1.1.5"
    "@radix-ui/react-primitive": "npm:2.1.3"
    "@radix-ui/react-use-callback-ref": "npm:1.1.1"
    "@radix-ui/react-use-controllable-state": "npm:1.2.2"
    "@radix-ui/react-use-layout-effect": "npm:1.1.1"
    "@radix-ui/react-visually-hidden": "npm:1.2.3"
  peerDependencies:
    "@types/react": "*"
    "@types/react-dom": "*"
    react: ^16.8 || ^17.0 || ^18.0 || ^19.0 || ^19.0.0-rc
    react-dom: ^16.8 || ^17.0 || ^18.0 || ^19.0 || ^19.0.0-rc
  peerDependenciesMeta:
    "@types/react":
      optional: true
    "@types/react-dom":
      optional: true
  checksum: 10c0/e7050d356719f438e087e8033e47a8854fba001cf71eb4e0c0203d53a4fbbd35aca9f17f73abe4dadc406d2d85badf4e37065865d07835763d0e3cb9d95a518d
  languageName: node
  linkType: hard

"@radix-ui/react-use-callback-ref@npm:1.1.1":
  version: 1.1.1
  resolution: "@radix-ui/react-use-callback-ref@npm:1.1.1"
  peerDependencies:
    "@types/react": "*"
    react: ^16.8 || ^17.0 || ^18.0 || ^19.0 || ^19.0.0-rc
  peerDependenciesMeta:
    "@types/react":
      optional: true
  checksum: 10c0/5f6aff8592dea6a7e46589808912aba3fb3b626cf6edd2b14f01638b61dbbe49eeb9f67cd5601f4c15b2fb547b9a7e825f7c4961acd4dd70176c969ae405f8d8
  languageName: node
  linkType: hard

"@radix-ui/react-use-controllable-state@npm:1.2.2":
  version: 1.2.2
  resolution: "@radix-ui/react-use-controllable-state@npm:1.2.2"
  dependencies:
    "@radix-ui/react-use-effect-event": "npm:0.0.2"
    "@radix-ui/react-use-layout-effect": "npm:1.1.1"
  peerDependencies:
    "@types/react": "*"
    react: ^16.8 || ^17.0 || ^18.0 || ^19.0 || ^19.0.0-rc
  peerDependenciesMeta:
    "@types/react":
      optional: true
  checksum: 10c0/f55c4b06e895293aed4b44c9ef26fb24432539f5346fcd6519c7745800535b571058685314e83486a45bf61dc83887e24826490d3068acc317fb0a9010516e63
  languageName: node
  linkType: hard

"@radix-ui/react-use-effect-event@npm:0.0.2":
  version: 0.0.2
  resolution: "@radix-ui/react-use-effect-event@npm:0.0.2"
  dependencies:
    "@radix-ui/react-use-layout-effect": "npm:1.1.1"
  peerDependencies:
    "@types/react": "*"
    react: ^16.8 || ^17.0 || ^18.0 || ^19.0 || ^19.0.0-rc
  peerDependenciesMeta:
    "@types/react":
      optional: true
  checksum: 10c0/e84ff72a3e76c5ae9c94941028bb4b6472f17d4104481b9eab773deab3da640ecea035e54da9d6f4df8d84c18ef6913baf92b7511bee06930dc58bd0c0add417
  languageName: node
  linkType: hard

"@radix-ui/react-use-escape-keydown@npm:1.1.1":
  version: 1.1.1
  resolution: "@radix-ui/react-use-escape-keydown@npm:1.1.1"
  dependencies:
    "@radix-ui/react-use-callback-ref": "npm:1.1.1"
  peerDependencies:
    "@types/react": "*"
    react: ^16.8 || ^17.0 || ^18.0 || ^19.0 || ^19.0.0-rc
  peerDependenciesMeta:
    "@types/react":
      optional: true
  checksum: 10c0/bff53be99e940fef1d3c4df7d560e1d9133182e5a98336255d3063327d1d3dd4ec54a95dc5afe15cca4fb6c184f0a956c70de2815578c318cf995a7f9beabaa1
  languageName: node
  linkType: hard

"@radix-ui/react-use-layout-effect@npm:1.1.1":
  version: 1.1.1
  resolution: "@radix-ui/react-use-layout-effect@npm:1.1.1"
  peerDependencies:
    "@types/react": "*"
    react: ^16.8 || ^17.0 || ^18.0 || ^19.0 || ^19.0.0-rc
  peerDependenciesMeta:
    "@types/react":
      optional: true
  checksum: 10c0/9f98fdaba008dfc58050de60a77670b885792df473cf82c1cef8daee919a5dd5a77d270209f5f0b0abfaac78cb1627396e3ff56c81b735be550409426fe8b040
  languageName: node
  linkType: hard

"@radix-ui/react-use-previous@npm:1.1.1":
  version: 1.1.1
  resolution: "@radix-ui/react-use-previous@npm:1.1.1"
  peerDependencies:
    "@types/react": "*"
    react: ^16.8 || ^17.0 || ^18.0 || ^19.0 || ^19.0.0-rc
  peerDependenciesMeta:
    "@types/react":
      optional: true
  checksum: 10c0/52f1089d941491cd59b7f52a5679a14e9381711419a0557ce0f3bc9a4c117078224efec54dcced41a3653a13a386a7b6ec75435d61a273e8b9f5d00235f2b182
  languageName: node
  linkType: hard

"@radix-ui/react-use-rect@npm:1.1.1":
  version: 1.1.1
  resolution: "@radix-ui/react-use-rect@npm:1.1.1"
  dependencies:
    "@radix-ui/rect": "npm:1.1.1"
  peerDependencies:
    "@types/react": "*"
    react: ^16.8 || ^17.0 || ^18.0 || ^19.0 || ^19.0.0-rc
  peerDependenciesMeta:
    "@types/react":
      optional: true
  checksum: 10c0/271711404c05c589c8dbdaa748749e7daf44bcc6bffc9ecd910821c3ebca0ee245616cf5b39653ce690f53f875c3836fd3f36f51ab1c628273b6db599eee4864
  languageName: node
  linkType: hard

"@radix-ui/react-use-size@npm:1.1.1":
  version: 1.1.1
  resolution: "@radix-ui/react-use-size@npm:1.1.1"
  dependencies:
    "@radix-ui/react-use-layout-effect": "npm:1.1.1"
  peerDependencies:
    "@types/react": "*"
    react: ^16.8 || ^17.0 || ^18.0 || ^19.0 || ^19.0.0-rc
  peerDependenciesMeta:
    "@types/react":
      optional: true
  checksum: 10c0/851d09a816f44282e0e9e2147b1b571410174cc048703a50c4fa54d672de994fd1dfff1da9d480ecfd12c77ae8f48d74f01adaf668f074156b8cd0043c6c21d8
  languageName: node
  linkType: hard

"@radix-ui/react-visually-hidden@npm:1.2.3":
  version: 1.2.3
  resolution: "@radix-ui/react-visually-hidden@npm:1.2.3"
  dependencies:
    "@radix-ui/react-primitive": "npm:2.1.3"
  peerDependencies:
    "@types/react": "*"
    "@types/react-dom": "*"
    react: ^16.8 || ^17.0 || ^18.0 || ^19.0 || ^19.0.0-rc
    react-dom: ^16.8 || ^17.0 || ^18.0 || ^19.0 || ^19.0.0-rc
  peerDependenciesMeta:
    "@types/react":
      optional: true
    "@types/react-dom":
      optional: true
  checksum: 10c0/cf86a37f1cbee50a964056f3dc4f6bb1ee79c76daa321f913aa20ff3e1ccdfafbf2b114d7bb616aeefc7c4b895e6ca898523fdb67710d89bd5d8edb739a0d9b6
  languageName: node
  linkType: hard

"@radix-ui/rect@npm:1.1.1":
  version: 1.1.1
  resolution: "@radix-ui/rect@npm:1.1.1"
  checksum: 10c0/0dac4f0f15691199abe6a0e067821ddd9d0349c0c05f39834e4eafc8403caf724106884035ae91bbc826e10367e6a5672e7bec4d4243860fa7649de246b1f60b
  languageName: node
  linkType: hard

"@types/react-dom@npm:^19.0.0":
  version: 19.2.3
  resolution: "@types/react-dom@npm:19.2.3"
  peerDependencies:
    "@types/react": ^19.2.0
  checksum: 10c0/b486ebe0f4e2fb35e2e108df1d8fc0927ca5d6002d5771e8a739de11239fe62d0e207c50886185253c99eb9dedfeeb956ea7429e5ba17f6693c7acb4c02f8cd1
  languageName: node
  linkType: hard

"@types/react@npm:^19.0.0":
  version: 19.2.8
  resolution: "@types/react@npm:19.2.8"
  dependencies:
    csstype: "npm:^3.2.2"
  checksum: 10c0/832834998c4ee971fca72ecf1eb95dc924ad3931a2112c687a4dae498aabd115c5fa4db09186853e34a646226b0223808c8f867df03d17601168f9cf119448de
  languageName: node
  linkType: hard

"aria-hidden@npm:^1.2.4":
  version: 1.2.6
  resolution: "aria-hidden@npm:1.2.6"
  dependencies:
    tslib: "npm:^2.0.0"
  checksum: 10c0/7720cb539497a9f760f68f98a4b30f22c6767aa0e72fa7d58279f7c164e258fc38b2699828f8de881aab0fc8e9c56d1313a3f1a965046fc0381a554dbc72b54a
  languageName: node
  linkType: hard

"bayanmunkh-ui-components@workspace:.":
  version: 0.0.0-use.local
  resolution: "bayanmunkh-ui-components@workspace:."
  dependencies:
    "@radix-ui/react-alert-dialog": "npm:^1.1.15"
    "@radix-ui/react-checkbox": "npm:^1.3.3"
    "@radix-ui/react-dialog": "npm:^1.1.15"
    "@radix-ui/react-select": "npm:^2.2.6"
    "@radix-ui/react-slot": "npm:^1.2.4"
    "@radix-ui/react-toast": "npm:^1.2.15"
    "@types/react": "npm:^19.0.0"
    "@types/react-dom": "npm:^19.0.0"
    class-variance-authority: "npm:^0.7.1"
    lucide-react: "npm:^0.562.0"
    react: "npm:^19.0.0"
    react-dom: "npm:^19.0.0"
    typescript: "npm:^5.0.0"
  peerDependencies:
    "@radix-ui/react-alert-dialog": ^1.1.0
    "@radix-ui/react-checkbox": ^1.3.0
    "@radix-ui/react-dialog": ^1.1.0
    "@radix-ui/react-select": ^2.2.0
    "@radix-ui/react-slot": ^1.2.0
    "@radix-ui/react-toast": ^1.2.0
    class-variance-authority: ^0.7.0
    lucide-react: ^0.400.0
    next: ^14.0.0 || ^15.0.0 || ^16.0.0
    react: ^18.0.0 || ^19.0.0
    react-dom: ^18.0.0 || ^19.0.0
  languageName: unknown
  linkType: soft

"class-variance-authority@npm:^0.7.1":
  version: 0.7.1
  resolution: "class-variance-authority@npm:0.7.1"
  dependencies:
    clsx: "npm:^2.1.1"
  checksum: 10c0/0f438cea22131808b99272de0fa933c2532d5659773bfec0c583de7b3f038378996d3350683426b8e9c74a6286699382106d71fbec52f0dd5fbb191792cccb5b
  languageName: node
  linkType: hard

"clsx@npm:^2.1.1":
  version: 2.1.1
  resolution: "clsx@npm:2.1.1"
  checksum: 10c0/c4c8eb865f8c82baab07e71bfa8897c73454881c4f99d6bc81585aecd7c441746c1399d08363dc096c550cceaf97bd4ce1e8854e1771e9998d9f94c4fe075839
  languageName: node
  linkType: hard

"csstype@npm:^3.2.2":
  version: 3.2.3
  resolution: "csstype@npm:3.2.3"
  checksum: 10c0/cd29c51e70fa822f1cecd8641a1445bed7063697469d35633b516e60fe8c1bde04b08f6c5b6022136bb669b64c63d4173af54864510fbb4ee23281801841a3ce
  languageName: node
  linkType: hard

"detect-node-es@npm:^1.1.0":
  version: 1.1.0
  resolution: "detect-node-es@npm:1.1.0"
  checksum: 10c0/e562f00de23f10c27d7119e1af0e7388407eb4b06596a25f6d79a360094a109ff285de317f02b090faae093d314cf6e73ac3214f8a5bb3a0def5bece94557fbe
  languageName: node
  linkType: hard

"get-nonce@npm:^1.0.0":
  version: 1.0.1
  resolution: "get-nonce@npm:1.0.1"
  checksum: 10c0/2d7df55279060bf0568549e1ffc9b84bc32a32b7541675ca092dce56317cdd1a59a98dcc4072c9f6a980779440139a3221d7486f52c488e69dc0fd27b1efb162
  languageName: node
  linkType: hard

"lucide-react@npm:^0.562.0":
  version: 0.562.0
  resolution: "lucide-react@npm:0.562.0"
  peerDependencies:
    react: ^16.5.1 || ^17.0.0 || ^18.0.0 || ^19.0.0
  checksum: 10c0/c713a2490916e42c678b9df0d7309d8cdb715af1d7139c7eb49c45547901b276a7cf722548012a668dc0e337eeadf5141d5af8c8fcda6721fc58fb2d288efcba
  languageName: node
  linkType: hard

"react-dom@npm:^19.0.0":
  version: 19.2.3
  resolution: "react-dom@npm:19.2.3"
  dependencies:
    scheduler: "npm:^0.27.0"
  peerDependencies:
    react: ^19.2.3
  checksum: 10c0/dc43f7ede06f46f3acc16ee83107c925530de9b91d1d0b3824583814746ff4c498ea64fd65cd83aba363205268adff52e2827c582634ae7b15069deaeabc4892
  languageName: node
  linkType: hard

"react-remove-scroll-bar@npm:^2.3.7":
  version: 2.3.8
  resolution: "react-remove-scroll-bar@npm:2.3.8"
  dependencies:
    react-style-singleton: "npm:^2.2.2"
    tslib: "npm:^2.0.0"
  peerDependencies:
    "@types/react": "*"
    react: ^16.8.0 || ^17.0.0 || ^18.0.0 || ^19.0.0
  peerDependenciesMeta:
    "@types/react":
      optional: true
  checksum: 10c0/9a0675c66cbb52c325bdbfaed80987a829c4504cefd8ff2dd3b6b3afc9a1500b8ec57b212e92c1fb654396d07bbe18830a8146fe77677d2a29ce40b5e1f78654
  languageName: node
  linkType: hard

"react-remove-scroll@npm:^2.6.3":
  version: 2.7.2
  resolution: "react-remove-scroll@npm:2.7.2"
  dependencies:
    react-remove-scroll-bar: "npm:^2.3.7"
    react-style-singleton: "npm:^2.2.3"
    tslib: "npm:^2.1.0"
    use-callback-ref: "npm:^1.3.3"
    use-sidecar: "npm:^1.1.3"
  peerDependencies:
    "@types/react": "*"
    react: ^16.8.0 || ^17.0.0 || ^18.0.0 || ^19.0.0 || ^19.0.0-rc
  peerDependenciesMeta:
    "@types/react":
      optional: true
  checksum: 10c0/b5f3315bead75e72853f492c0b51ba8fb4fa09a4534d7fc42d6fcd59ca3e047cf213279ffc1e35b337e314ef5a04cb2b12544c85e0078802271731c27c09e5aa
  languageName: node
  linkType: hard

"react-style-singleton@npm:^2.2.2, react-style-singleton@npm:^2.2.3":
  version: 2.2.3
  resolution: "react-style-singleton@npm:2.2.3"
  dependencies:
    get-nonce: "npm:^1.0.0"
    tslib: "npm:^2.0.0"
  peerDependencies:
    "@types/react": "*"
    react: ^16.8.0 || ^17.0.0 || ^18.0.0 || ^19.0.0 || ^19.0.0-rc
  peerDependenciesMeta:
    "@types/react":
      optional: true
  checksum: 10c0/841938ff16d16a6b76895f4cb2e1fea957e5fe3b30febbf03a54892dae1c9153f2383e231dea0b3ba41192ad2f2849448fa859caccd288943bce32639e971bee
  languageName: node
  linkType: hard

"react@npm:^19.0.0":
  version: 19.2.3
  resolution: "react@npm:19.2.3"
  checksum: 10c0/094220b3ba3a76c1b668f972ace1dd15509b157aead1b40391d1c8e657e720c201d9719537375eff08f5e0514748c0319063392a6f000e31303aafc4471f1436
  languageName: node
  linkType: hard

"scheduler@npm:^0.27.0":
  version: 0.27.0
  resolution: "scheduler@npm:0.27.0"
  checksum: 10c0/4f03048cb05a3c8fddc45813052251eca00688f413a3cee236d984a161da28db28ba71bd11e7a3dd02f7af84ab28d39fb311431d3b3772fed557945beb00c452
  languageName: node
  linkType: hard

"tslib@npm:^2.0.0, tslib@npm:^2.1.0":
  version: 2.8.1
  resolution: "tslib@npm:2.8.1"
  checksum: 10c0/9c4759110a19c53f992d9aae23aac5ced636e99887b51b9e61def52611732872ff7668757d4e4c61f19691e36f4da981cd9485e869b4a7408d689f6bf1f14e62
  languageName: node
  linkType: hard

"typescript@npm:^5.0.0":
  version: 5.9.3
  resolution: "typescript@npm:5.9.3"
  bin:
    tsc: bin/tsc
    tsserver: bin/tsserver
  checksum: 10c0/6bd7552ce39f97e711db5aa048f6f9995b53f1c52f7d8667c1abdc1700c68a76a308f579cd309ce6b53646deb4e9a1be7c813a93baaf0a28ccd536a30270e1c5
  languageName: node
  linkType: hard

"typescript@patch:typescript@npm%3A^5.0.0#optional!builtin<compat/typescript>":
  version: 5.9.3
  resolution: "typescript@patch:typescript@npm%3A5.9.3#optional!builtin<compat/typescript>::version=5.9.3&hash=5786d5"
  bin:
    tsc: bin/tsc
    tsserver: bin/tsserver
  checksum: 10c0/ad09fdf7a756814dce65bc60c1657b40d44451346858eea230e10f2e95a289d9183b6e32e5c11e95acc0ccc214b4f36289dcad4bf1886b0adb84d711d336a430
  languageName: node
  linkType: hard

"use-callback-ref@npm:^1.3.3":
  version: 1.3.3
  resolution: "use-callback-ref@npm:1.3.3"
  dependencies:
    tslib: "npm:^2.0.0"
  peerDependencies:
    "@types/react": "*"
    react: ^16.8.0 || ^17.0.0 || ^18.0.0 || ^19.0.0 || ^19.0.0-rc
  peerDependenciesMeta:
    "@types/react":
      optional: true
  checksum: 10c0/f887488c6e6075cdad4962979da1714b217bcb1ee009a9e57ce9a844bcfc4c3a99e93983dfc2e5af9e0913824d24e730090ff255e902c516dcb58d2d3837e01c
  languageName: node
  linkType: hard

"use-sidecar@npm:^1.1.3":
  version: 1.1.3
  resolution: "use-sidecar@npm:1.1.3"
  dependencies:
    detect-node-es: "npm:^1.1.0"
    tslib: "npm:^2.0.0"
  peerDependencies:
    "@types/react": "*"
    react: ^16.8.0 || ^17.0.0 || ^18.0.0 || ^19.0.0 || ^19.0.0-rc
  peerDependenciesMeta:
    "@types/react":
      optional: true
  checksum: 10c0/161599bf921cfaa41c85d2b01c871975ee99260f3e874c2d41c05890d41170297bdcf314bc5185e7a700de2034ac5b888e3efc8e9f35724f4918f53538d717c9
  languageName: node
  linkType: hard
